
Microsoft Visual Studio Solution File, Format Version 12.00
# Visual Studio Version 16
VisualStudioVersion = 16.0.31624.102
MinimumVisualStudioVersion = 10.0.40219.1
Project("{FAE04EC0-301F-11D3-BF4B-00C04F79EFBC}") = "GenaratorAiG", "GenaratorAiG\GenaratorAiG.csproj", "{C8973A20-5F55-4781-897C-047644E293D9}"
EndProject
Project("{FAE04EC0-301F-11D3-BF4B-00C04F79EFBC}") = "Latex", "LatexImageBuilder\Latex.csproj", "{87828AE3-77BE-409E-AEF5-EEE742320E10}"
EndProject
Project("{FAE04EC0-301F-11D3-BF4B-00C04F79EFBC}") = "LinearAlgebraAndCo", "LinearAlgebraAndCo\LinearAlgebraAndCo.csproj", "{A9516B58-8B39-43B2-977C-8E27E12EC70E}"
EndProject
Global
	GlobalSection(SolutionConfigurationPlatforms) = preSolution
		Debug|Any CPU = Debug|Any CPU
		Release|Any CPU = Release|Any CPU
	EndGlobalSection
	GlobalSection(ProjectConfigurationPlatforms) = postSolution
		{C8973A20-5F55-4781-897C-047644E293D9}.Debug|Any CPU.ActiveCfg = Debug|Any CPU
		{C8973A20-5F55-4781-897C-047644E293D9}.Debug|Any CPU.Build.0 = Debug|Any CPU
		{C8973A20-5F55-4781-897C-047644E293D9}.Release|Any CPU.ActiveCfg = Release|Any CPU
		{C8973A20-5F55-4781-897C-047644E293D9}.Release|Any CPU.Build.0 = Release|Any CPU
		{87828AE3-77BE-409E-AEF5-EEE742320E10}.Debug|Any CPU.ActiveCfg = Debug|Any CPU
		{87828AE3-77BE-409E-AEF5-EEE742320E10}.Debug|Any CPU.Build.0 = Debug|Any CPU
		{87828AE3-77BE-409E-AEF5-EEE742320E10}.Release|Any CPU.ActiveCfg = Release|Any CPU
		{87828AE3-77BE-409E-AEF5-EEE742320E10}.Release|Any CPU.Build.0 = Release|Any CPU
		{A9516B58-8B39-43B2-977C-8E27E12EC70E}.Debug|Any CPU.ActiveCfg = Debug|Any CPU
		{A9516B58-8B39-43B2-977C-8E27E12EC70E}.Debug|Any CPU.Build.0 = Debug|Any CPU
		{A9516B58-8B39-43B2-977C-8E27E12EC70E}.Release|Any CPU.ActiveCfg = Release|Any CPU
		{A9516B58-8B39-43B2-977C-8E27E12EC70E}.Release|Any CPU.Build.0 = Release|Any CPU
	EndGlobalSection
	GlobalSection(SolutionProperties) = preSolution
		HideSolutionNode = FALSE
	EndGlobalSection
	GlobalSection(ExtensibilityGlobals) = postSolution
		SolutionGuid = {1FCBA0D4-F6F5-4B60-85D4-C339CD4E9DCD}
	EndGlobalSection
EndGlobal
